
Microsoft Visual Studio Solution File, Format Version 12.00
# Visual Studio Version 17
VisualStudioVersion = 17.3.32901.215
MinimumVisualStudioVersion = 10.0.40219.1
Project("{F2A71F9B-5D33-465A-A702-920D77279786}") = "CustomerContactBook", "CustomerContactBook\CustomerContactBook.fsproj", "{A0C44BBE-FA77-468B-B374-DD4E214A60A0}"
EndProject
Global
	GlobalSection(SolutionConfigurationPlatforms) = preSolution
		Debug|Any CPU = Debug|Any CPU
		Release|Any CPU = Release|Any CPU
	EndGlobalSection
	GlobalSection(ProjectConfigurationPlatforms) = postSolution
		{A0C44BBE-FA77-468B-B374-DD4E214A60A0}.Debug|Any CPU.ActiveCfg = Debug|Any CPU
		{A0C44BBE-FA77-468B-B374-DD4E214A60A0}.Debug|Any CPU.Build.0 = Debug|Any CPU
		{A0C44BBE-FA77-468B-B374-DD4E214A60A0}.Release|Any CPU.ActiveCfg = Release|Any CPU
		{A0C44BBE-FA77-468B-B374-DD4E214A60A0}.Release|Any CPU.Build.0 = Release|Any CPU
	EndGlobalSection
	GlobalSection(SolutionProperties) = preSolution
		HideSolutionNode = FALSE
	EndGlobalSection
	GlobalSection(ExtensibilityGlobals) = postSolution
		SolutionGuid = {1F5DD8B1-7945-4315-A90A-79312C8240DD}
	EndGlobalSection
EndGlobal
